
Microsoft Visual Studio Solution File, Format Version 12.00
# Visual Studio Version 17
VisualStudioVersion = 17.9.34616.47
MinimumVisualStudioVersion = 10.0.40219.1
Project("{FAE04EC0-301F-11D3-BF4B-00C04F79EFBC}") = "CalculadoraPrestamos", "CalculadoraPrestamos\CalculadoraPrestamos.csproj", "{1BFF9B15-46CF-40F1-AFF3-14CD961A2B87}"
EndProject
Global
	GlobalSection(SolutionConfigurationPlatforms) = preSolution
		Debug|Any CPU = Debug|Any CPU
		Release|Any CPU = Release|Any CPU
	EndGlobalSection
	GlobalSection(ProjectConfigurationPlatforms) = postSolution
		{1BFF9B15-46CF-40F1-AFF3-14CD961A2B87}.Debug|Any CPU.ActiveCfg = Debug|Any CPU
		{1BFF9B15-46CF-40F1-AFF3-14CD961A2B87}.Debug|Any CPU.Build.0 = Debug|Any CPU
		{1BFF9B15-46CF-40F1-AFF3-14CD961A2B87}.Release|Any CPU.ActiveCfg = Release|Any CPU
		{1BFF9B15-46CF-40F1-AFF3-14CD961A2B87}.Release|Any CPU.Build.0 = Release|Any CPU
	EndGlobalSection
	GlobalSection(SolutionProperties) = preSolution
		HideSolutionNode = FALSE
	EndGlobalSection
	GlobalSection(ExtensibilityGlobals) = postSolution
		SolutionGuid = {48C2D2C0-C5C8-42AE-AD33-572EB5A45714}
	EndGlobalSection
EndGlobal
